// !$*UTF8*$!
{
	archiveVersion = 1;
	classes = {
	};
	objectVersion = 46;
	objects = {

/* Begin PBXBuildFile section */
		B9B8B67B1E2C63CD006D712F /* FormulaView.m in Sources */ = {isa = PBXBuildFile; fileRef = B9B8B67A1E2C63CD006D712F /* FormulaView.m */; };
		B9B8B67E1E2CFFBB006D712F /* ShipView.m in Sources */ = {isa = PBXBuildFile; fileRef = B9B8B67D1E2CFFBB006D712F /* ShipView.m */; };
		B9B9E7021E2B0037003A3647 /* main.m in Sources */ = {isa = PBXBuildFile; fileRef = B9B9E7011E2B0037003A3647 /* main.m */; };
		B9B9E7051E2B0037003A3647 /* AppDelegate.m in Sources */ = {isa = PBXBuildFile; fileRef = B9B9E7041E2B0037003A3647 /* AppDelegate.m */; };
		B9B9E7081E2B0037003A3647 /* ViewController.m in Sources */ = {isa = PBXBuildFile; fileRef = B9B9E7071E2B0037003A3647 /* ViewController.m */; };
		B9B9E70B1E2B0037003A3647 /* Main.storyboard in Resources */ = {isa = PBXBuildFile; fileRef = B9B9E7091E2B0037003A3647 /* Main.storyboard */; };
		B9B9E70D1E2B0037003A3647 /* Assets.xcassets in Resources */ = {isa = PBXBuildFile; fileRef = B9B9E70C1E2B0037003A3647 /* Assets.xcassets */; };
		B9B9E7101E2B0037003A3647 /* LaunchScreen.storyboard in Resources */ = {isa = PBXBuildFile; fileRef = B9B9E70E1E2B0037003A3647 /* LaunchScreen.storyboard */; };
		B9B9E71B1E2B0037003A3647 /* BezierTests.m in Sources */ = {isa = PBXBuildFile; fileRef = B9B9E71A1E2B0037003A3647 /* BezierTests.m */; };
		B9B9E7261E2B0037003A3647 /* BezierUITests.m in Sources */ = {isa = PBXBuildFile; fileRef = B9B9E7251E2B0037003A3647 /* BezierUITests.m */; };
		B9B9E7351E2B0059003A3647 /* BallView.m in Sources */ = {isa = PBXBuildFile; fileRef = B9B9E7341E2B0059003A3647 /* BallView.m */; };
		B9B9E7381E2B0097003A3647 /* DotView.m in Sources */ = {isa = PBXBuildFile; fileRef = B9B9E7371E2B0097003A3647 /* DotView.m */; };
/* End PBXBuildFile section */

/* Begin PBXContainerItemProxy section */
		B9B9E7171E2B0037003A3647 /* PBXContainerItemProxy */ = {
			isa = PBXContainerItemProxy;
			containerPortal = B9B9E6F51E2B0037003A3647 /* Project object */;
			proxyType = 1;
			remoteGlobalIDString = B9B9E6FC1E2B0037003A3647;
			remoteInfo = Bezier;
		};
		B9B9E7221E2B0037003A3647 /* PBXContainerItemProxy */ = {
			isa = PBXContainerItemProxy;
			containerPortal = B9B9E6F51E2B0037003A3647 /* Project object */;
			proxyType = 1;
			remoteGlobalIDString = B9B9E6FC1E2B0037003A3647;
			remoteInfo = Bezier;
		};
/* End PBXContainerItemProxy section */

/* Begin PBXFileReference section */
		B9B8B6791E2C63CD006D712F /* FormulaView.h */ = {isa = PBXFileReference; fileEncoding = 4; lastKnownFileType = sourcecode.c.h; path = FormulaView.h; sourceTree = "<group>"; };
		B9B8B67A1E2C63CD006D712F /* FormulaView.m */ = {isa = PBXFileReference; fileEncoding = 4; lastKnownFileType = sourcecode.c.objc; path = FormulaView.m; sourceTree = "<group>"; };
		B9B8B67C1E2CFFBB006D712F /* ShipView.h */ = {isa = PBXFileReference; fileEncoding = 4; lastKnownFileType = sourcecode.c.h; path = ShipView.h; sourceTree = "<group>"; };
		B9B8B67D1E2CFFBB006D712F /* ShipView.m */ = {isa = PBXFileReference; fileEncoding = 4; lastKnownFileType = sourcecode.c.objc; path = ShipView.m; sourceTree = "<group>"; };
		B9B9E6FD1E2B0037003A3647 /* Bezier.app */ = {isa = PBXFileReference; explicitFileType = wrapper.application; includeInIndex = 0; path = Bezier.app; sourceTree = BUILT_PRODUCTS_DIR; };
		B9B9E7011E2B0037003A3647 /* main.m */ = {isa = PBXFileReference; lastKnownFileType = sourcecode.c.objc; path = main.m; sourceTree = "<group>"; };
		B9B9E7031E2B0037003A3647 /* AppDelegate.h */ = {isa = PBXFileReference; lastKnownFileType = sourcecode.c.h; path = AppDelegate.h; sourceTree = "<group>"; };
		B9B9E7041E2B0037003A3647 /* AppDelegate.m */ = {isa = PBXFileReference; lastKnownFileType = sourcecode.c.objc; path = AppDelegate.m; sourceTree = "<group>"; };
		B9B9E7061E2B0037003A3647 /* ViewController.h */ = {isa = PBXFileReference; lastKnownFileType = sourcecode.c.h; path = ViewController.h; sourceTree = "<group>"; };
		B9B9E7071E2B0037003A3647 /* ViewController.m */ = {isa = PBXFileReference; lastKnownFileType = sourcecode.c.objc; path = ViewController.m; sourceTree = "<group>"; };
		B9B9E70A1E2B0037003A3647 /* Base */ = {isa = PBXFileReference; lastKnownFileType = file.storyboard; name = Base; path = Base.lproj/Main.storyboard; sourceTree = "<group>"; };
		B9B9E70C1E2B0037003A3647 /* Assets.xcassets */ = {isa = PBXFileReference; lastKnownFileType = folder.assetcatalog; path = Assets.xcassets; sourceTree = "<group>"; };
		B9B9E70F1E2B0037003A3647 /* Base */ = {isa = PBXFileReference; lastKnownFileType = file.storyboard; name = Base; path = Base.lproj/LaunchScreen.storyboard; sourceTree = "<group>"; };
		B9B9E7111E2B0037003A3647 /* Info.plist */ = {isa = PBXFileReference; lastKnownFileType = text.plist.xml; path = Info.plist; sourceTree = "<group>"; };
		B9B9E7161E2B0037003A3647 /* BezierTests.xctest */ = {isa = PBXFileReference; explicitFileType = wrapper.cfbundle; includeInIndex = 0; path = BezierTests.xctest; sourceTree = BUILT_PRODUCTS_DIR; };
		B9B9E71A1E2B0037003A3647 /* BezierTests.m */ = {isa = PBXFileReference; lastKnownFileType = sourcecode.c.objc; path = BezierTests.m; sourceTree = "<group>"; };
		B9B9E71C1E2B0037003A3647 /* Info.plist */ = {isa = PBXFileReference; lastKnownFileType = text.plist.xml; path = Info.plist; sourceTree = "<group>"; };
		B9B9E7211E2B0037003A3647 /* BezierUITests.xctest */ = {isa = PBXFileReference; explicitFileType = wrapper.cfbundle; includeInIndex = 0; path = BezierUITests.xctest; sourceTree = BUILT_PRODUCTS_DIR; };
		B9B9E7251E2B0037003A3647 /* BezierUITests.m */ = {isa = PBXFileReference; lastKnownFileType = sourcecode.c.objc; path = BezierUITests.m; sourceTree = "<group>"; };
		B9B9E7271E2B0037003A3647 /* Info.plist */ = {isa = PBXFileReference; lastKnownFileType = text.plist.xml; path = Info.plist; sourceTree = "<group>"; };
		B9B9E7331E2B0059003A3647 /* BallView.h */ = {isa = PBXFileReference; fileEncoding = 4; lastKnownFileType = sourcecode.c.h; path = BallView.h; sourceTree = "<group>"; };
		B9B9E7341E2B0059003A3647 /* BallView.m */ = {isa = PBXFileReference; fileEncoding = 4; lastKnownFileType = sourcecode.c.objc; path = BallView.m; sourceTree = "<group>"; };
		B9B9E7361E2B0097003A3647 /* DotView.h */ = {isa = PBXFileReference; fileEncoding = 4; lastKnownFileType = sourcecode.c.h; path = DotView.h; sourceTree = "<group>"; };
		B9B9E7371E2B0097003A3647 /* DotView.m */ = {isa = PBXFileReference; fileEncoding = 4; lastKnownFileType = sourcecode.c.objc; path = DotView.m; sourceTree = "<group>"; };
/* End PBXFileReference section */

/* Begin PBXFrameworksBuildPhase section */
		B9B9E6FA1E2B0037003A3647 /* Frameworks */ = {
			isa = PBXFrameworksBuildPhase;
			buildActionMask = 2147483647;
			files = (
			);
			runOnlyForDeploymentPostprocessing = 0;
		};
		B9B9E7131E2B0037003A3647 /* Frameworks */ = {
			isa = PBXFrameworksBuildPhase;
			buildActionMask = 2147483647;
			files = (
			);
			runOnlyForDeploymentPostprocessing = 0;
		};
		B9B9E71E1E2B0037003A3647 /* Frameworks */ = {
			isa = PBXFrameworksBuildPhase;
			buildActionMask = 2147483647;
			files = (
			);
			runOnlyForDeploymentPostprocessing = 0;
		};
/* End PBXFrameworksBuildPhase section */

/* Begin PBXGroup section */
		B9B9E6F41E2B0037003A3647 = {
			isa = PBXGroup;
			children = (
				B9B9E6FF1E2B0037003A3647 /* Bezier */,
				B9B9E7191E2B0037003A3647 /* BezierTests */,
				B9B9E7241E2B0037003A3647 /* BezierUITests */,
				B9B9E6FE1E2B0037003A3647 /* Products */,
			);
			sourceTree = "<group>";
		};
		B9B9E6FE1E2B0037003A3647 /* Products */ = {
			isa = PBXGroup;
			children = (
				B9B9E6FD1E2B0037003A3647 /* Bezier.app */,
				B9B9E7161E2B0037003A3647 /* BezierTests.xctest */,
				B9B9E7211E2B0037003A3647 /* BezierUITests.xctest */,
			);
			name = Products;
			sourceTree = "<group>";
		};
		B9B9E6FF1E2B0037003A3647 /* Bezier */ = {
			isa = PBXGroup;
			children = (
				B9B9E7031E2B0037003A3647 /* AppDelegate.h */,
				B9B9E7041E2B0037003A3647 /* AppDelegate.m */,
				B9B9E7061E2B0037003A3647 /* ViewController.h */,
				B9B9E7071E2B0037003A3647 /* ViewController.m */,
				B9B9E7331E2B0059003A3647 /* BallView.h */,
				B9B9E7341E2B0059003A3647 /* BallView.m */,
				B9B9E7361E2B0097003A3647 /* DotView.h */,
				B9B9E7371E2B0097003A3647 /* DotView.m */,
				B9B9E7091E2B0037003A3647 /* Main.storyboard */,
				B9B9E70C1E2B0037003A3647 /* Assets.xcassets */,
				B9B9E70E1E2B0037003A3647 /* LaunchScreen.storyboard */,
				B9B9E7111E2B0037003A3647 /* Info.plist */,
				B9B9E7001E2B0037003A3647 /* Supporting Files */,
				B9B8B6791E2C63CD006D712F /* FormulaView.h */,
				B9B8B67A1E2C63CD006D712F /* FormulaView.m */,
				B9B8B67C1E2CFFBB006D712F /* ShipView.h */,
				B9B8B67D1E2CFFBB006D712F /* ShipView.m */,
			);
			path = Bezier;
			sourceTree = "<group>";
		};
		B9B9E7001E2B0037003A3647 /* Supporting Files */ = {
			isa = PBXGroup;
			children = (
				B9B9E7011E2B0037003A3647 /* main.m */,
			);
			name = "Supporting Files";
			sourceTree = "<group>";
		};
		B9B9E7191E2B0037003A3647 /* BezierTests */ = {
			isa = PBXGroup;
			children = (
				B9B9E71A1E2B0037003A3647 /* BezierTests.m */,
				B9B9E71C1E2B0037003A3647 /* Info.plist */,
			);
			path = BezierTests;
			sourceTree = "<group>";
		};
		B9B9E7241E2B0037003A3647 /* BezierUITests */ = {
			isa = PBXGroup;
			children = (
				B9B9E7251E2B0037003A3647 /* BezierUITests.m */,
				B9B9E7271E2B0037003A3647 /* Info.plist */,
			);
			path = BezierUITests;
			sourceTree = "<group>";
		};
/* End PBXGroup section */

/* Begin PBXNativeTarget section */
		B9B9E6FC1E2B0037003A3647 /* Bezier */ = {
			isa = PBXNativeTarget;
			buildConfigurationList = B9B9E72A1E2B0037003A3647 /* Build configuration list for PBXNativeTarget "Bezier" */;
			buildPhases = (
				B9B9E6F91E2B0037003A3647 /* Sources */,
				B9B9E6FA1E2B0037003A3647 /* Frameworks */,
				B9B9E6FB1E2B0037003A3647 /* Resources */,
			);
			buildRules = (
			);
			dependencies = (
			);
			name = Bezier;
			productName = Bezier;
			productReference = B9B9E6FD1E2B0037003A3647 /* Bezier.app */;
			productType = "com.apple.product-type.application";
		};
		B9B9E7151E2B0037003A3647 /* BezierTests */ = {
			isa = PBXNativeTarget;
			buildConfigurationList = B9B9E72D1E2B0037003A3647 /* Build configuration list for PBXNativeTarget "BezierTests" */;
			buildPhases = (
				B9B9E7121E2B0037003A3647 /* Sources */,
				B9B9E7131E2B0037003A3647 /* Frameworks */,
				B9B9E7141E2B0037003A3647 /* Resources */,
			);
			buildRules = (
			);
			dependencies = (
				B9B9E7181E2B0037003A3647 /* PBXTargetDependency */,
			);
			name = BezierTests;
			productName = BezierTests;
			productReference = B9B9E7161E2B0037003A3647 /* BezierTests.xctest */;
			productType = "com.apple.product-type.bundle.unit-test";
		};
		B9B9E7201E2B0037003A3647 /* BezierUITests */ = {
			isa = PBXNativeTarget;
			buildConfigurationList = B9B9E7301E2B0037003A3647 /* Build configuration list for PBXNativeTarget "BezierUITests" */;
			buildPhases = (
				B9B9E71D1E2B0037003A3647 /* Sources */,
				B9B9E71E1E2B0037003A3647 /* Frameworks */,
				B9B9E71F1E2B0037003A3647 /* Resources */,
			);
			buildRules = (
			);
			dependencies = (
				B9B9E7231E2B0037003A3647 /* PBXTargetDependency */,
			);
			name = BezierUITests;
			productName = BezierUITests;
			productReference = B9B9E7211E2B0037003A3647 /* BezierUITests.xctest */;
			productType = "com.apple.product-type.bundle.ui-testing";
		};
/* End PBXNativeTarget section */

/* Begin PBXProject section */
		B9B9E6F51E2B0037003A3647 /* Project object */ = {
			isa = PBXProject;
			attributes = {
				LastUpgradeCheck = 0810;
				ORGANIZATIONNAME = qinmin;
				TargetAttributes = {
					B9B9E6FC1E2B0037003A3647 = {
						CreatedOnToolsVersion = 8.1;
						DevelopmentTeam = SP96U9X4RF;
						ProvisioningStyle = Automatic;
					};
					B9B9E7151E2B0037003A3647 = {
						CreatedOnToolsVersion = 8.1;
						DevelopmentTeam = SP96U9X4RF;
						ProvisioningStyle = Automatic;
						TestTargetID = B9B9E6FC1E2B0037003A3647;
					};
					B9B9E7201E2B0037003A3647 = {
						CreatedOnToolsVersion = 8.1;
						DevelopmentTeam = SP96U9X4RF;
						ProvisioningStyle = Automatic;
						TestTargetID = B9B9E6FC1E2B0037003A3647;
					};
				};
			};
			buildConfigurationList = B9B9E6F81E2B0037003A3647 /* Build configuration list for PBXProject "Bezier" */;
			compatibilityVersion = "Xcode 3.2";
			developmentRegion = English;
			hasScannedForEncodings = 0;
			knownRegions = (
				en,
				Base,
			);
			mainGroup = B9B9E6F41E2B0037003A3647;
			productRefGroup = B9B9E6FE1E2B0037003A3647 /* Products */;
			projectDirPath = "";
			projectRoot = "";
			targets = (
				B9B9E6FC1E2B0037003A3647 /* Bezier */,
				B9B9E7151E2B0037003A3647 /* BezierTests */,
				B9B9E7201E2B0037003A3647 /* BezierUITests */,
			);
		};
/* End PBXProject section */

/* Begin PBXResourcesBuildPhase section */
		B9B9E6FB1E2B0037003A3647 /* Resources */ = {
			isa = PBXResourcesBuildPhase;
			buildActionMask = 2147483647;
			files = (
				B9B9E7101E2B0037003A3647 /* LaunchScreen.storyboard in Resources */,
				B9B9E70D1E2B0037003A3647 /* Assets.xcassets in Resources */,
				B9B9E70B1E2B0037003A3647 /* Main.storyboard in Resources */,
			);
			runOnlyForDeploymentPostprocessing = 0;
		};
		B9B9E7141E2B0037003A3647 /* Resources */ = {
			isa = PBXResourcesBuildPhase;
			buildActionMask = 2147483647;
			files = (
			);
			runOnlyForDeploymentPostprocessing = 0;
		};
		B9B9E71F1E2B0037003A3647 /* Resources */ = {
			isa = PBXResourcesBuildPhase;
			buildActionMask = 2147483647;
			files = (
			);
			runOnlyForDeploymentPostprocessing = 0;
		};
/* End PBXResourcesBuildPhase section */

/* Begin PBXSourcesBuildPhase section */
		B9B9E6F91E2B0037003A3647 /* Sources */ = {
			isa = PBXSourcesBuildPhase;
			buildActionMask = 2147483647;
			files = (
				B9B9E7081E2B0037003A3647 /* ViewController.m in Sources */,
				B9B9E7051E2B0037003A3647 /* AppDelegate.m in Sources */,
				B9B8B67E1E2CFFBB006D712F /* ShipView.m in Sources */,
				B9B9E7381E2B0097003A3647 /* DotView.m in Sources */,
				B9B9E7021E2B0037003A3647 /* main.m in Sources */,
				B9B9E7351E2B0059003A3647 /* BallView.m in Sources */,
				B9B8B67B1E2C63CD006D712F /* FormulaView.m in Sources */,
			);
			runOnlyForDeploymentPostprocessing = 0;
		};
		B9B9E7121E2B0037003A3647 /* Sources */ = {
			isa = PBXSourcesBuildPhase;
			buildActionMask = 2147483647;
			files = (
				B9B9E71B1E2B0037003A3647 /* BezierTests.m in Sources */,
			);
			runOnlyForDeploymentPostprocessing = 0;
		};
		B9B9E71D1E2B0037003A3647 /* Sources */ = {
			isa = PBXSourcesBuildPhase;
			buildActionMask = 2147483647;
			files = (
				B9B9E7261E2B0037003A3647 /* BezierUITests.m in Sources */,
			);
			runOnlyForDeploymentPostprocessing = 0;
		};
/* End PBXSourcesBuildPhase section */

/* Begin PBXTargetDependency section */
		B9B9E7181E2B0037003A3647 /* PBXTargetDependency */ = {
			isa = PBXTargetDependency;
			target = B9B9E6FC1E2B0037003A3647 /* Bezier */;
			targetProxy = B9B9E7171E2B0037003A3647 /* PBXContainerItemProxy */;
		};
		B9B9E7231E2B0037003A3647 /* PBXTargetDependency */ = {
			isa = PBXTargetDependency;
			target = B9B9E6FC1E2B0037003A3647 /* Bezier */;
			targetProxy = B9B9E7221E2B0037003A3647 /* PBXContainerItemProxy */;
		};
/* End PBXTargetDependency section */

/* Begin PBXVariantGroup section */
		B9B9E7091E2B0037003A3647 /* Main.storyboard */ = {
			isa = PBXVariantGroup;
			children = (
				B9B9E70A1E2B0037003A3647 /* Base */,
			);
			name = Main.storyboard;
			sourceTree = "<group>";
		};
		B9B9E70E1E2B0037003A3647 /* LaunchScreen.storyboard */ = {
			isa = PBXVariantGroup;
			children = (
				B9B9E70F1E2B0037003A3647 /* Base */,
			);
			name = LaunchScreen.storyboard;
			sourceTree = "<group>";
		};
/* End PBXVariantGroup section */

/* Begin XCBuildConfiguration section */
		B9B9E7281E2B0037003A3647 /* Debug */ = {
			isa = XCBuildConfiguration;
			buildSettings = {
				ALWAYS_SEARCH_USER_PATHS = NO;
				CLANG_ANALYZER_NONNULL = YES;
				CLANG_CXX_LANGUAGE_STANDARD = "gnu++0x";
				CLANG_CXX_LIBRARY = "libc++";
				CLANG_ENABLE_MODULES = YES;
				CLANG_ENABLE_OBJC_ARC = YES;
				CLANG_WARN_BOOL_CONVERSION = YES;
				CLANG_WARN_CONSTANT_CONVERSION = YES;
				CLANG_WARN_DIRECT_OBJC_ISA_USAGE = YES_ERROR;
				CLANG_WARN_DOCUMENTATION_COMMENTS = YES;
				CLANG_WARN_EMPTY_BODY = YES;
				CLANG_WARN_ENUM_CONVERSION = YES;
				CLANG_WARN_INFINITE_RECURSION = YES;
				CLANG_WARN_INT_CONVERSION = YES;
				CLANG_WARN_OBJC_ROOT_CLASS = YES_ERROR;
				CLANG_WARN_SUSPICIOUS_MOVES = YES;
				CLANG_WARN_UNREACHABLE_CODE = YES;
				CLANG_WARN__DUPLICATE_METHOD_MATCH = YES;
				"CODE_SIGN_IDENTITY[sdk=iphoneos*]" = "iPhone Developer";
				COPY_PHASE_STRIP = NO;
				DEBUG_INFORMATION_FORMAT = dwarf;
				ENABLE_STRICT_OBJC_MSGSEND = YES;
				ENABLE_TESTABILITY = YES;
				GCC_C_LANGUAGE_STANDARD = gnu99;
				GCC_DYNAMIC_NO_PIC = NO;
				GCC_NO_COMMON_BLOCKS = YES;
				GCC_OPTIMIZATION_LEVEL = 0;
				GCC_PREPROCESSOR_DEFINITIONS = (
					"DEBUG=1",
					"$(inherited)",
				);
				GCC_WARN_64_TO_32_BIT_CONVERSION = YES;
				GCC_WARN_ABOUT_RETURN_TYPE = YES_ERROR;
				GCC_WARN_UNDECLARED_SELECTOR = YES;
				GCC_WARN_UNINITIALIZED_AUTOS = YES_AGGRESSIVE;
				GCC_WARN_UNUSED_FUNCTION = YES;
				GCC_WARN_UNUSED_VARIABLE = YES;
				IPHONEOS_DEPLOYMENT_TARGET = 10.1;
				MTL_ENABLE_DEBUG_INFO = YES;
				ONLY_ACTIVE_ARCH = YES;
				SDKROOT = iphoneos;
			};
			name = Debug;
		};
		B9B9E7291E2B0037003A3647 /* Release */ = {
			isa = XCBuildConfiguration;
			buildSettings = {
				ALWAYS_SEARCH_USER_PATHS = NO;
				CLANG_ANALYZER_NONNULL = YES;
				CLANG_CXX_LANGUAGE_STANDARD = "gnu++0x";
				CLANG_CXX_LIBRARY = "libc++";
				CLANG_ENABLE_MODULES = YES;
				CLANG_ENABLE_OBJC_ARC = YES;
				CLANG_WARN_BOOL_CONVERSION = YES;
				CLANG_WARN_CONSTANT_CONVERSION = YES;
				CLANG_WARN_DIRECT_OBJC_ISA_USAGE = YES_ERROR;
				CLANG_WARN_DOCUMENTATION_COMMENTS = YES;
				CLANG_WARN_EMPTY_BODY = YES;
				CLANG_WARN_ENUM_CONVERSION = YES;
				CLANG_WARN_INFINITE_RECURSION = YES;
				CLANG_WARN_INT_CONVERSION = YES;
				CLANG_WARN_OBJC_ROOT_CLASS = YES_ERROR;
				CLANG_WARN_SUSPICIOUS_MOVES = YES;
				CLANG_WARN_UNREACHABLE_CODE = YES;
				CLANG_WARN__DUPLICATE_METHOD_MATCH = YES;
				"CODE_SIGN_IDENTITY[sdk=iphoneos*]" = "iPhone Developer";
				COPY_PHASE_STRIP = NO;
				DEBUG_INFORMATION_FORMAT = "dwarf-with-dsym";
				ENABLE_NS_ASSERTIONS = NO;
				ENABLE_STRICT_OBJC_MSGSEND = YES;
				GCC_C_LANGUAGE_STANDARD = gnu99;
				GCC_NO_COMMON_BLOCKS = YES;
				GCC_WARN_64_TO_32_BIT_CONVERSION = YES;
				GCC_WARN_ABOUT_RETURN_TYPE = YES_ERROR;
				GCC_WARN_UNDECLARED_SELECTOR = YES;
				GCC_WARN_UNINITIALIZED_AUTOS = YES_AGGRESSIVE;
				GCC_WARN_UNUSED_FUNCTION = YES;
				GCC_WARN_UNUSED_VARIABLE = YES;
				IPHONEOS_DEPLOYMENT_TARGET = 10.1;
				MTL_ENABLE_DEBUG_INFO = NO;
				SDKROOT = iphoneos;
				VALIDATE_PRODUCT = YES;
			};
			name = Release;
		};
		B9B9E72B1E2B0037003A3647 /* Debug */ = {
			isa = XCBuildConfiguration;
			buildSettings = {
				ASSETCATALOG_COMPILER_APPICON_NAME = AppIcon;
				DEVELOPMENT_TEAM = SP96U9X4RF;
				INFOPLIST_FILE = Bezier/Info.plist;
				IPHONEOS_DEPLOYMENT_TARGET = 8.0;
				LD_RUNPATH_SEARCH_PATHS = "$(inherited) @executable_path/Frameworks";
				PRODUCT_BUNDLE_IDENTIFIER = com.shanhujiang.Bezier;
				PRODUCT_NAME = "$(TARGET_NAME)";
			};
			name = Debug;
		};
		B9B9E72C1E2B0037003A3647 /* Release */ = {
			isa = XCBuildConfiguration;
			buildSettings = {
				ASSETCATALOG_COMPILER_APPICON_NAME = AppIcon;
				DEVELOPMENT_TEAM = SP96U9X4RF;
				INFOPLIST_FILE = Bezier/Info.plist;
				IPHONEOS_DEPLOYMENT_TARGET = 8.0;
				LD_RUNPATH_SEARCH_PATHS = "$(inherited) @executable_path/Frameworks";
				PRODUCT_BUNDLE_IDENTIFIER = com.shanhujiang.Bezier;
				PRODUCT_NAME = "$(TARGET_NAME)";
			};
			name = Release;
		};
		B9B9E72E1E2B0037003A3647 /* Debug */ = {
			isa = XCBuildConfiguration;
			buildSettings = {
				BUNDLE_LOADER = "$(TEST_HOST)";
				DEVELOPMENT_TEAM = SP96U9X4RF;
				INFOPLIST_FILE = BezierTests/Info.plist;
				LD_RUNPATH_SEARCH_PATHS = "$(inherited) @executable_path/Frameworks @loader_path/Frameworks";
				PRODUCT_BUNDLE_IDENTIFIER = com.shanhujiang.BezierTests;
				PRODUCT_NAME = "$(TARGET_NAME)";
				TEST_HOST = "$(BUILT_PRODUCTS_DIR)/Bezier.app/Bezier";
			};
			name = Debug;
		};
		B9B9E72F1E2B0037003A3647 /* Release */ = {
			isa = XCBuildConfiguration;
			buildSettings = {
				BUNDLE_LOADER = "$(TEST_HOST)";
				DEVELOPMENT_TEAM = SP96U9X4RF;
				INFOPLIST_FILE = BezierTests/Info.plist;
				LD_RUNPATH_SEARCH_PATHS = "$(inherited) @executable_path/Frameworks @loader_path/Frameworks";
				PRODUCT_BUNDLE_IDENTIFIER = com.shanhujiang.BezierTests;
				PRODUCT_NAME = "$(TARGET_NAME)";
				TEST_HOST = "$(BUILT_PRODUCTS_DIR)/Bezier.app/Bezier";
			};
			name = Release;
		};
		B9B9E7311E2B0037003A3647 /* Debug */ = {
			isa = XCBuildConfiguration;
			buildSettings = {
				DEVELOPMENT_TEAM = SP96U9X4RF;
				INFOPLIST_FILE = BezierUITests/Info.plist;
				LD_RUNPATH_SEARCH_PATHS = "$(inherited) @executable_path/Frameworks @loader_path/Frameworks";
				PRODUCT_BUNDLE_IDENTIFIER = com.shanhujiang.BezierUITests;
				PRODUCT_NAME = "$(TARGET_NAME)";
				TEST_TARGET_NAME = Bezier;
			};
			name = Debug;
		};
		B9B9E7321E2B0037003A3647 /* Release */ = {
			isa = XCBuildConfiguration;
			buildSettings = {
				DEVELOPMENT_TEAM = SP96U9X4RF;
				INFOPLIST_FILE = BezierUITests/Info.plist;
				LD_RUNPATH_SEARCH_PATHS = "$(inherited) @executable_path/Frameworks @loader_path/Frameworks";
				PRODUCT_BUNDLE_IDENTIFIER = com.shanhujiang.BezierUITests;
				PRODUCT_NAME = "$(TARGET_NAME)";
				TEST_TARGET_NAME = Bezier;
			};
			name = Release;
		};
/* End XCBuildConfiguration section */

/* Begin XCConfigurationList section */
		B9B9E6F81E2B0037003A3647 /* Build configuration list for PBXProject "Bezier" */ = {
			isa = XCConfigurationList;
			buildConfigurations = (
				B9B9E7281E2B0037003A3647 /* Debug */,
				B9B9E7291E2B0037003A3647 /* Release */,
			);
			defaultConfigurationIsVisible = 0;
			defaultConfigurationName = Release;
		};
		B9B9E72A1E2B0037003A3647 /* Build configuration list for PBXNativeTarget "Bezier" */ = {
			isa = XCConfigurationList;
			buildConfigurations = (
				B9B9E72B1E2B0037003A3647 /* Debug */,
				B9B9E72C1E2B0037003A3647 /* Release */,
			);
			defaultConfigurationIsVisible = 0;
			defaultConfigurationName = Release;
		};
		B9B9E72D1E2B0037003A3647 /* Build configuration list for PBXNativeTarget "BezierTests" */ = {
			isa = XCConfigurationList;
			buildConfigurations = (
				B9B9E72E1E2B0037003A3647 /* Debug */,
				B9B9E72F1E2B0037003A3647 /* Release */,
			);
			defaultConfigurationIsVisible = 0;
			defaultConfigurationName = Release;
		};
		B9B9E7301E2B0037003A3647 /* Build configuration list for PBXNativeTarget "BezierUITests" */ = {
			isa = XCConfigurationList;
			buildConfigurations = (
				B9B9E7311E2B0037003A3647 /* Debug */,
				B9B9E7321E2B0037003A3647 /* Release */,
			);
			defaultConfigurationIsVisible = 0;
			defaultConfigurationName = Release;
		};
/* End XCConfigurationList section */
	};
	rootObject = B9B9E6F51E2B0037003A3647 /* Project object */;
}
